
Microsoft Visual Studio Solution File, Format Version 12.00
# Visual Studio Version 17
VisualStudioVersion = 17.14.36212.18 d17.14
MinimumVisualStudioVersion = 10.0.40219.1
Project("{FAE04EC0-301F-11D3-BF4B-00C04F79EFBC}") = "Timetablegenerator", "TimeTableGenerator1\Timetablegenerator.csproj", "{0A297CA7-E9A5-4D0E-9F83-CD01FB4A8196}"
EndProject
Global
	GlobalSection(SolutionConfigurationPlatforms) = preSolution
		Debug|Any CPU = Debug|Any CPU
		Release|Any CPU = Release|Any CPU
	EndGlobalSection
	GlobalSection(ProjectConfigurationPlatforms) = postSolution
		{0A297CA7-E9A5-4D0E-9F83-CD01FB4A8196}.Debug|Any CPU.ActiveCfg = Debug|Any CPU
		{0A297CA7-E9A5-4D0E-9F83-CD01FB4A8196}.Debug|Any CPU.Build.0 = Debug|Any CPU
		{0A297CA7-E9A5-4D0E-9F83-CD01FB4A8196}.Release|Any CPU.ActiveCfg = Release|Any CPU
		{0A297CA7-E9A5-4D0E-9F83-CD01FB4A8196}.Release|Any CPU.Build.0 = Release|Any CPU
	EndGlobalSection
	GlobalSection(SolutionProperties) = preSolution
		HideSolutionNode = FALSE
	EndGlobalSection
	GlobalSection(ExtensibilityGlobals) = postSolution
		SolutionGuid = {6A158BF3-3E01-4211-97CF-5C2919681D7F}
	EndGlobalSection
EndGlobal
